<?xml version="1.0" encoding="utf-8"?>
<Project ToolsVersion="4.0" xmlns="http://schemas.microsoft.com/developer/msbuild/2003">
  <ItemGroup>
    <Filter Include="Source Files">
      <UniqueIdentifier>{4FC737F1-C7A5-4376-A066-2A32D752A2FF}</UniqueIdentifier>
      <Extensions>cpp;c;cc;cxx;def;odl;idl;hpj;bat;asm;asmx</Extensions>
    </Filter>
    <Filter Include="Header Files">
      <UniqueIdentifier>{93995380-89BD-4b04-88EB-625FBE52EBFB}</UniqueIdentifier>
      <Extensions>h;hh;hpp;hxx;hm;inl;inc;ipp;xsd</Extensions>
    </Filter>
    <Filter Include="Resource Files">
      <UniqueIdentifier>{67DA6AB6-F800-4c08-8B7A-83BB121AAD01}</UniqueIdentifier>
      <Extensions>rc;ico;cur;bmp;dlg;rc2;rct;bin;rgs;gif;jpg;jpeg;jpe;resx;tiff;tif;png;wav;mfcribbon-ms</Extensions>
    </Filter>
  </ItemGroup>
  <ItemGroup>
    <ClInclude Include="include\AmberEngine\API\Export.h">
      <Filter>Header Files</Filter>
    </ClInclude>
    <ClInclude Include="include\ImGUI\imconfig.h">
      <Filter>Header Files</Filter>
    </ClInclude>
    <ClInclude Include="include\ImGUI\imgui.h">
      <Filter>Header Files</Filter>
    </ClInclude>
    <ClInclude Include="include\ImGUI\imgui_impl_glfw_gl3.h">
      <Filter>Header Files</Filter>
    </ClInclude>
    <ClInclude Include="include\ImGUI\imgui_internal.h">
      <Filter>Header Files</Filter>
    </ClInclude>
    <ClInclude Include="include\ImGUI\stb_rect_pack.h">
      <Filter>Header Files</Filter>
    </ClInclude>
    <ClInclude Include="include\ImGUI\stb_textedit.h">
      <Filter>Header Files</Filter>
    </ClInclude>
    <ClInclude Include="include\ImGUI\stb_truetype.h">
      <Filter>Header Files</Filter>
    </ClInclude>
    <ClInclude Include="include\AmberEngine\Buffers\IndexBuffer.h">
      <Filter>Header Files</Filter>
    </ClInclude>
    <ClInclude Include="include\AmberEngine\Buffers\VertexArray.h">
      <Filter>Header Files</Filter>
    </ClInclude>
    <ClInclude Include="include\AmberEngine\Buffers\VertexBuffer.h">
      <Filter>Header Files</Filter>
    </ClInclude>
    <ClInclude Include="include\AmberEngine\Context\Device.h">
      <Filter>Header Files</Filter>
    </ClInclude>
    <ClInclude Include="include\AmberEngine\Context\Driver.h">
      <Filter>Header Files</Filter>
    </ClInclude>
    <ClInclude Include="include\AmberEngine\Resources\Shader.h">
      <Filter>Header Files</Filter>
    </ClInclude>
    <ClInclude Include="include\AmberEngine\Resources\Texture.h">
      <Filter>Header Files</Filter>
    </ClInclude>
    <ClInclude Include="include\AmberEngine\Settings\DeviceSettings.h">
      <Filter>Header Files</Filter>
    </ClInclude>
    <ClInclude Include="include\AmberEngine\Settings\DriverSettings.h">
      <Filter>Header Files</Filter>
    </ClInclude>
    <ClInclude Include="include\AmberEngine\Resources\Primitives\Cube.h">
      <Filter>Header Files</Filter>
    </ClInclude>
    <ClInclude Include="include\AmberEngine\Geometry\Vertex.h">
      <Filter>Header Files</Filter>
    </ClInclude>
    <ClInclude Include="include\AmberEngine\ImGUI\imconfig.h">
      <Filter>Header Files</Filter>
    </ClInclude>
    <ClInclude Include="include\AmberEngine\ImGUI\imgui.h">
      <Filter>Header Files</Filter>
    </ClInclude>
    <ClInclude Include="include\AmberEngine\ImGUI\imgui_impl_glfw.h">
      <Filter>Header Files</Filter>
    </ClInclude>
    <ClInclude Include="include\AmberEngine\ImGUI\imgui_internal.h">
      <Filter>Header Files</Filter>
    </ClInclude>
    <ClInclude Include="include\AmberEngine\ImGUI\imstb_rectpack.h">
      <Filter>Header Files</Filter>
    </ClInclude>
    <ClInclude Include="include\AmberEngine\ImGUI\imstb_textedit.h">
      <Filter>Header Files</Filter>
    </ClInclude>
    <ClInclude Include="include\AmberEngine\ImGUI\imstb_truetype.h">
      <Filter>Header Files</Filter>
    </ClInclude>
    <ClInclude Include="include\AmberEngine\ImGUI\imgui_impl_opengl3.h">
      <Filter>Header Files</Filter>
    </ClInclude>
    <ClInclude Include="include\AmberEngine\Eventing\Event.h">
      <Filter>Header Files</Filter>
    </ClInclude>
    <ClInclude Include="include\AmberEngine\Settings\WindowSettings.h">
      <Filter>Header Files</Filter>
    </ClInclude>
    <ClInclude Include="include\AmberEngine\Context\Window.h">
      <Filter>Header Files</Filter>
    </ClInclude>
    <ClInclude Include="include\AmberEngine\Context\EDeviceError.h">
      <Filter>Header Files</Filter>
    </ClInclude>
    <ClInclude Include="include\AmberEngine\Inputs\EKey.h">
      <Filter>Header Files</Filter>
    </ClInclude>
    <ClInclude Include="include\AmberEngine\Inputs\EKeyState.h">
      <Filter>Header Files</Filter>
    </ClInclude>
    <ClInclude Include="include\AmberEngine\Inputs\EMouseButton.h">
      <Filter>Header Files</Filter>
    </ClInclude>
    <ClInclude Include="include\AmberEngine\Inputs\EMouseButtonState.h">
      <Filter>Header Files</Filter>
    </ClInclude>
    <ClInclude Include="include\AmberEngine\Inputs\InputManager.h">
      <Filter>Header Files</Filter>
    </ClInclude>
    <ClInclude Include="Amberpch.h">
      <Filter>Header Files</Filter>
    </ClInclude>
    <ClInclude Include="include\AmberEngine\Core\Editor.h">
      <Filter>Header Files</Filter>
    </ClInclude>
    <ClInclude Include="include\AmberEngine\Core\Context.h">
      <Filter>Header Files</Filter>
    </ClInclude>
    <ClInclude Include="include\AmberEngine\Tools\Utils\Defines.h">
      <Filter>Header Files</Filter>
    </ClInclude>
    <ClInclude Include="include\AmberEngine\Tools\Utils\String.h">
      <Filter>Header Files</Filter>
    </ClInclude>
    <ClInclude Include="include\AmberEngine\Tools\Time\Clock.h">
      <Filter>Header Files</Filter>
    </ClInclude>
    <ClInclude Include="include\AmberEngine\Resources\Parsers\AssimpParser.h">
      <Filter>Header Files</Filter>
    </ClInclude>
    <ClInclude Include="include\AmberEngine\Resources\Loaders\ShaderLoader.h">
      <Filter>Header Files</Filter>
    </ClInclude>
    <ClInclude Include="include\AmberEngine\Maths\Transform.h">
      <Filter>Header Files</Filter>
    </ClInclude>
    <ClInclude Include="include\AmberEngine\Resources\Mesh.h">
      <Filter>Header Files</Filter>
    </ClInclude>
    <ClInclude Include="include\AmberEngine\Resources\Model.h">
      <Filter>Header Files</Filter>
    </ClInclude>
    <ClInclude Include="include\AmberEngine\Resources\ETextureFilteringMode.h">
      <Filter>Header Files</Filter>
    </ClInclude>
    <ClInclude Include="include\AmberEngine\Resources\Loaders\TextureLoader.h">
      <Filter>Header Files</Filter>
    </ClInclude>
    <ClInclude Include="include\AmberEngine\Resources\ETextureType.h">
      <Filter>Header Files</Filter>
    </ClInclude>
    <ClInclude Include="include\AmberEngine\Buffers\FrameBuffer.h">
      <Filter>Header Files</Filter>
    </ClInclude>
    <ClInclude Include="include\AmberEngine\Core\ECS\Actor.h">
      <Filter>Header Files</Filter>
    </ClInclude>
    <ClInclude Include="include\AmberEngine\Tools\Utils\ASingleton.h">
      <Filter>Header Files</Filter>
    </ClInclude>
    <ClInclude Include="include\AmberEngine\Core\ECS\Components\AComponent.h">
      <Filter>Header Files</Filter>
    </ClInclude>
    <ClInclude Include="include\AmberEngine\Rendering\Entities\Light.h">
      <Filter>Header Files</Filter>
    </ClInclude>
    <ClInclude Include="include\AmberEngine\Buffers\UniformBuffer.h">
      <Filter>Header Files</Filter>
    </ClInclude>
    <ClInclude Include="include\AmberEngine\Buffers\EAccessSpecifier.h">
      <Filter>Header Files</Filter>
    </ClInclude>
    <ClInclude Include="include\AmberEngine\Core\SceneSystem\Scene.h">
      <Filter>Header Files</Filter>
    </ClInclude>
    <ClInclude Include="include\AmberEngine\Context\ECursorMode.h">
      <Filter>Header Files</Filter>
    </ClInclude>
    <ClInclude Include="include\AmberEngine\Resources\RawShaders.h">
      <Filter>Header Files</Filter>
    </ClInclude>
    <ClInclude Include="include\AmberEngine\Core\EditorResources.h">
      <Filter>Header Files</Filter>
    </ClInclude>
    <ClInclude Include="include\AmberEngine\Resources\Loaders\ModelLoader.h">
      <Filter>Header Files</Filter>
    </ClInclude>
    <ClInclude Include="include\AmberEngine\Resources\Material.h">
      <Filter>Header Files</Filter>
    </ClInclude>
    <ClInclude Include="include\AmberEngine\Buffers\ShaderStorageBuffer.h">
      <Filter>Header Files</Filter>
    </ClInclude>
    <ClInclude Include="include\AmberEngine\Tools\Utils\Maths.h">
      <Filter>Header Files</Filter>
    </ClInclude>
    <ClInclude Include="include\AmberEngine\Resources\EUniformType.h">
      <Filter>Header Files</Filter>
    </ClInclude>
    <ClInclude Include="include\AmberEngine\Resources\UniformInfo.h">
      <Filter>Header Files</Filter>
    </ClInclude>
    <ClInclude Include="include\AmberEngine\Data\Color.h">
      <Filter>Header Files</Filter>
    </ClInclude>
    <ClInclude Include="include\AmberEngine\Tools\Utils\Converter.h">
      <Filter>Header Files</Filter>
    </ClInclude>
    <ClInclude Include="include\AmberEngine\UI\Panels\Hierarchy.h">
      <Filter>Header Files</Filter>
    </ClInclude>
    <ClInclude Include="include\AmberEngine\UI\Panels\APanel.h">
      <Filter>Header Files</Filter>
    </ClInclude>
    <ClInclude Include="include\AmberEngine\UI\Canvas.h">
      <Filter>Header Files</Filter>
    </ClInclude>
    <ClInclude Include="include\AmberEngine\UI\Panels\Views\AView.h">
      <Filter>Header Files</Filter>
    </ClInclude>
    <ClInclude Include="include\AmberEngine\UI\Panels\Views\SceneView.h">
      <Filter>Header Files</Filter>
    </ClInclude>
    <ClInclude Include="include\AmberEngine\UI\Panels\PanelSettings.h">
      <Filter>Header Files</Filter>
    </ClInclude>
    <ClInclude Include="include\AmberEngine\UI\Panels\APanelWindow.h">
      <Filter>Header Files</Filter>
    </ClInclude>
    <ClInclude Include="include\AmberEngine\UI\Panels\Inspector.h">
      <Filter>Header Files</Filter>
    </ClInclude>
    <ClInclude Include="include\AmberEngine\Core\API\IInspectorItem.h">
      <Filter>Header Files</Filter>
    </ClInclude>
    <ClInclude Include="include\AmberEngine\UI\Widgets\AWidget.h">
      <Filter>Header Files</Filter>
    </ClInclude>
    <ClInclude Include="include\AmberEngine\UI\WidgetContainer.h">
      <Filter>Header Files</Filter>
    </ClInclude>
    <ClInclude Include="include\AmberEngine\UI\GUIDrawer.h">
      <Filter>Header Files</Filter>
    </ClInclude>
    <ClInclude Include="include\AmberEngine\Core\ECS\Components\CTransform.h">
      <Filter>Header Files</Filter>
    </ClInclude>
    <ClInclude Include="include\AmberEngine\Core\ECS\Components\CModelRenderer.h">
      <Filter>Header Files</Filter>
    </ClInclude>
    <ClInclude Include="include\AmberEngine\Core\ECS\Components\CLight.h">
      <Filter>Header Files</Filter>
    </ClInclude>
    <ClInclude Include="include\AmberEngine\Tools\Global\ServiceLocator.h">
      <Filter>Header Files</Filter>
    </ClInclude>
    <ClInclude Include="include\AmberEngine\Core\ECS\Components\CDirectionalLight.h">
      <Filter>Header Files</Filter>
    </ClInclude>
    <ClInclude Include="include\AmberEngine\Core\ECS\Components\CPointLight.h">
      <Filter>Header Files</Filter>
    </ClInclude>
    <ClInclude Include="include\AmberEngine\UI\Panels\PanelMenuBar.h">
      <Filter>Header Files</Filter>
    </ClInclude>
    <ClInclude Include="include\AmberEngine\Core\SceneSystem\SceneManager.h">
      <Filter>Header Files</Filter>
    </ClInclude>
    <ClInclude Include="include\AmberEngine\Core\EditorRenderer.h">
      <Filter>Header Files</Filter>
    </ClInclude>
    <ClInclude Include="include\AmberEngine\UI\Panels\MenuBar.h">
      <Filter>Header Files</Filter>
    </ClInclude>
    <ClInclude Include="include\AmberEngine\UI\Core\UIManager.h">
      <Filter>Header Files</Filter>
    </ClInclude>
    <ClInclude Include="include\AmberEngine\Core\PanelsManager.h">
      <Filter>Header Files</Filter>
    </ClInclude>
    <ClInclude Include="include\AmberEngine\UI\Widgets\AButton.h">
      <Filter>Header Files</Filter>
    </ClInclude>
    <ClInclude Include="include\AmberEngine\UI\Widgets\Button.h">
      <Filter>Header Files</Filter>
    </ClInclude>
    <ClInclude Include="include\AmberEngine\UI\Widgets\ColorEdit.h">
      <Filter>Header Files</Filter>
    </ClInclude>
    <ClInclude Include="include\AmberEngine\UI\Widgets\DataWidget.h">
      <Filter>Header Files</Filter>
    </ClInclude>
    <ClInclude Include="include\AmberEngine\UI\Widgets\Text.h">
      <Filter>Header Files</Filter>
    </ClInclude>
    <ClInclude Include="include\AmberEngine\UI\Widgets\TextColored.h">
      <Filter>Header Files</Filter>
    </ClInclude>
    <ClInclude Include="include\AmberEngine\UI\Widgets\TreeNode.h">
      <Filter>Header Files</Filter>
    </ClInclude>
    <ClInclude Include="include\AmberEngine\UI\Panels\DriverInfoPanel.h">
      <Filter>Header Files</Filter>
    </ClInclude>
    <ClInclude Include="include\AmberEngine\UI\Widgets\Column.h">
      <Filter>Header Files</Filter>
    </ClInclude>
    <ClInclude Include="include\AmberEngine\UI\Widgets\Group.h">
      <Filter>Header Files</Filter>
    </ClInclude>
    <ClInclude Include="include\AmberEngine\UI\Widgets\GroupCollapsable.h">
      <Filter>Header Files</Filter>
    </ClInclude>
    <ClInclude Include="include\AmberEngine\UI\Widgets\MenuItem.h">
      <Filter>Header Files</Filter>
    </ClInclude>
    <ClInclude Include="include\AmberEngine\UI\Widgets\MenuList.h">
      <Filter>Header Files</Filter>
    </ClInclude>
    <ClInclude Include="include\AmberEngine\UI\Widgets\Image.h">
      <Filter>Header Files</Filter>
    </ClInclude>
    <ClInclude Include="include\AmberEngine\UI\Widgets\InputText.h">
      <Filter>Header Files</Filter>
    </ClInclude>
    <ClInclude Include="include\AmberEngine\UI\Widgets\Separator.h">
      <Filter>Header Files</Filter>
    </ClInclude>
    <ClInclude Include="include\AmberEngine\UI\Widgets\DragMultipleScalars.h">
      <Filter>Header Files</Filter>
    </ClInclude>
    <ClInclude Include="include\AmberEngine\Tools\Utils\CallbackQueue.h">
      <Filter>Header Files</Filter>
    </ClInclude>
    <ClInclude Include="include\AmberEngine\UI\Panels\FrameInfo.h">
      <Filter>Header Files</Filter>
    </ClInclude>
    <ClInclude Include="include\AmberEngine\Tools\Utils\NumberFormat.h">
      <Filter>Header Files</Filter>
    </ClInclude>
    <ClInclude Include="include\AmberEngine\Data\EditorConstants.h">
      <Filter>Header Files</Filter>
    </ClInclude>
    <ClInclude Include="include\AmberEngine\Rendering\Settings\ERasterizationMode.h">
      <Filter>Header Files</Filter>
    </ClInclude>
    <ClInclude Include="include\AmberEngine\Rendering\Settings\ERenderingCapability.h">
      <Filter>Header Files</Filter>
    </ClInclude>
    <ClInclude Include="include\AmberEngine\Rendering\Settings\EOperation.h">
      <Filter>Header Files</Filter>
    </ClInclude>
    <ClInclude Include="include\AmberEngine\Rendering\Settings\ECullFace.h">
      <Filter>Header Files</Filter>
    </ClInclude>
    <ClInclude Include="include\AmberEngine\Rendering\Settings\EPixelDataFormat.h">
      <Filter>Header Files</Filter>
    </ClInclude>
    <ClInclude Include="include\AmberEngine\Rendering\Settings\EPixelDataType.h">
      <Filter>Header Files</Filter>
    </ClInclude>
    <ClInclude Include="include\AmberEngine\Rendering\Settings\EPrimitiveMode.h">
      <Filter>Header Files</Filter>
    </ClInclude>
    <ClInclude Include="include\AmberEngine\Core\ECSRenderer.h">
      <Filter>Header Files</Filter>
    </ClInclude>
    <ClInclude Include="include\AmberEngine\Resources\IMesh.h">
      <Filter>Header Files</Filter>
    </ClInclude>
    <ClInclude Include="include\AmberEngine\Core\ECS\Components\CMaterialRenderer.h">
      <Filter>Header Files</Filter>
    </ClInclude>
    <ClInclude Include="include\AmberEngine\UI\Widgets\ButtonSmall.h">
      <Filter>Header Files</Filter>
    </ClInclude>
    <ClInclude Include="include\AmberEngine\Rendering\Core\Renderer.h">
      <Filter>Header Files</Filter>
    </ClInclude>
    <ClInclude Include="include\AmberEngine\Managers\AResourceManager.h">
      <Filter>Header Files</Filter>
    </ClInclude>
    <ClInclude Include="include\AmberEngine\Managers\ModelManager.h">
      <Filter>Header Files</Filter>
    </ClInclude>
    <ClInclude Include="include\AmberEngine\Managers\ShaderManager.h">
      <Filter>Header Files</Filter>
    </ClInclude>
    <ClInclude Include="include\AmberEngine\Managers\TextureManager.h">
      <Filter>Header Files</Filter>
    </ClInclude>
    <ClInclude Include="include\AmberEngine\Resources\RawTextures.h">
      <Filter>Header Files</Filter>
    </ClInclude>
    <ClInclude Include="include\AmberEngine\Tools\Utils\PathParser.h">
      <Filter>Header Files</Filter>
    </ClInclude>
    <ClInclude Include="include\AmberEngine\Rendering\Settings\EProjectionMode.h">
      <Filter>Header Files</Filter>
    </ClInclude>
    <ClInclude Include="include\AmberEngine\Rendering\Settings\ELightType.h">
      <Filter>Header Files</Filter>
    </ClInclude>
    <ClInclude Include="include\AmberEngine\Rendering\Settings\EComparisonAlgorithm.h">
      <Filter>Header Files</Filter>
    </ClInclude>
    <ClInclude Include="include\AmberEngine\Rendering\Entities\Camera.h">
      <Filter>Header Files</Filter>
    </ClInclude>
    <ClInclude Include="include\AmberEngine\Core\CameraController.h">
      <Filter>Header Files</Filter>
    </ClInclude>
    <ClInclude Include="include\AmberEngine\Core\EditorAction.h">
      <Filter>Header Files</Filter>
    </ClInclude>
    <ClInclude Include="include\AmberEngine\Managers\MaterialManager.h">
      <Filter>Header Files</Filter>
    </ClInclude>
    <ClInclude Include="include\AmberEngine\Tools\FileSystem\IniFile.h">
      <Filter>Header Files</Filter>
    </ClInclude>
    <ClInclude Include="include\AmberEngine\Tools\FileSystem\tinyxml2.h">
      <Filter>Header Files</Filter>
    </ClInclude>
    <ClInclude Include="include\AmberEngine\Resources\Loaders\MaterialLoader.h">
      <Filter>Header Files</Filter>
    </ClInclude>
    <ClInclude Include="include\AmberEngine\Core\API\ISerializable.h">
      <Filter>Header Files</Filter>
    </ClInclude>
    <ClInclude Include="include\AmberEngine\Core\ActorCreationMenu.h">
      <Filter>Header Files</Filter>
    </ClInclude>
    <ClInclude Include="include\AmberEngine\Core\Helpers\Serializer.h">
      <Filter>Header Files</Filter>
    </ClInclude>
    <ClInclude Include="include\AmberEngine\UI\Widgets\ContextualMenuItem.h">
      <Filter>Header Files</Filter>
    </ClInclude>
    <ClInclude Include="include\AmberEngine\UI\Widgets\ContextualMenuWindow.h">
      <Filter>Header Files</Filter>
    </ClInclude>
    <ClInclude Include="include\AmberEngine\UI\Panels\AssetBrowser.h">
      <Filter>Header Files</Filter>
    </ClInclude>
    <ClInclude Include="include\AmberEngine\Windowing\Dialogs\FileDialog.h">
      <Filter>Header Files</Filter>
    </ClInclude>
    <ClInclude Include="include\AmberEngine\Windowing\Dialogs\MessageBox.h">
      <Filter>Header Files</Filter>
    </ClInclude>
    <ClInclude Include="include\AmberEngine\Windowing\Dialogs\OpenFileDialog.h">
      <Filter>Header Files</Filter>
    </ClInclude>
    <ClInclude Include="include\AmberEngine\Windowing\Dialogs\SaveFileDialog.h">
      <Filter>Header Files</Filter>
    </ClInclude>
    <ClInclude Include="include\AmberEngine\UI\Widgets\TextClickable.h">
      <Filter>Header Files</Filter>
    </ClInclude>
    <ClInclude Include="include\AmberEngine\UI\Core\IPlugin.h">
      <Filter>Header Files</Filter>
    </ClInclude>
    <ClInclude Include="include\AmberEngine\Tools\Utils\SystemCalls.h">
      <Filter>Header Files</Filter>
    </ClInclude>
    <ClInclude Include="include\AmberEngine\UI\Widgets\AContextualMenu.h">
      <Filter>Header Files</Filter>
    </ClInclude>
    <ClInclude Include="include\AmberEngine\UI\ContextualMenuContainer.h">
      <Filter>Header Files</Filter>
    </ClInclude>
    <ClInclude Include="include\AmberEngine\UI\Panels\MaterialEditor.h">
      <Filter>Header Files</Filter>
    </ClInclude>
    <ClInclude Include="include\AmberEngine\UI\Widgets\CheckBox.h">
      <Filter>Header Files</Filter>
    </ClInclude>
    <ClInclude Include="include\AmberEngine\UI\Widgets\ComboBox.h">
      <Filter>Header Files</Filter>
    </ClInclude>
    <ClInclude Include="include\AmberEngine\Core\ECS\Components\CCamera.h">
      <Filter>Header Files</Filter>
    </ClInclude>
    <ClInclude Include="include\AmberEngine\UI\Widgets\DragSingleScalar.h">
      <Filter>Header Files</Filter>
    </ClInclude>
    <ClInclude Include="include\AmberEngine\Core\ShapeDrawer.h">
      <Filter>Header Files</Filter>
    </ClInclude>
    <ClInclude Include="include\AmberEngine\UI\Panels\Views\GameView.h">
      <Filter>Header Files</Filter>
    </ClInclude>
    <ClInclude Include="include\AmberEngine\Core\ECS\Components\CAmbientBoxLight.h">
      <Filter>Header Files</Filter>
    </ClInclude>
    <ClInclude Include="include\AmberEngine\UI\Panels\Views\AssetView.h">
      <Filter>Header Files</Filter>
    </ClInclude>
    <ClInclude Include="include\AmberEngine\Analytics\Hardware\CPUInfo.h">
      <Filter>Header Files</Filter>
    </ClInclude>
    <ClInclude Include="include\AmberEngine\Analytics\Hardware\GPUInfo.h">
      <Filter>Header Files</Filter>
    </ClInclude>
    <ClInclude Include="include\AmberEngine\Analytics\Hardware\HardwareReport.h">
      <Filter>Header Files</Filter>
    </ClInclude>
    <ClInclude Include="include\AmberEngine\Analytics\Hardware\RAMInfo.h">
      <Filter>Header Files</Filter>
    </ClInclude>
    <ClInclude Include="include\AmberEngine\UI\Widgets\APlot.h">
      <Filter>Header Files</Filter>
    </ClInclude>
    <ClInclude Include="include\AmberEngine\UI\Widgets\PlotHistogram.h">
      <Filter>Header Files</Filter>
    </ClInclude>
    <ClInclude Include="include\AmberEngine\UI\Widgets\PlotLines.h">
      <Filter>Header Files</Filter>
    </ClInclude>
    <ClInclude Include="include\AmberEngine\UI\Panels\HardwareInfoPanel.h">
      <Filter>Header Files</Filter>
    </ClInclude>
    <ClInclude Include="include\AmberEngine\Analytics\Hardware\HardwareInfo.h">
      <Filter>Header Files</Filter>
    </ClInclude>
    <ClInclude Include="include\AmberEngine\UI\Panels\AssetProperties.h">
      <Filter>Header Files</Filter>
    </ClInclude>
    <ClInclude Include="include\AmberEngine\UI\Widgets\NewLine.h">
      <Filter>Header Files</Filter>
    </ClInclude>
    <ClInclude Include="include\AmberEngine\Tools\Utils\SizeConverter.h">
      <Filter>Header Files</Filter>
    </ClInclude>
    <ClInclude Include="include\AmberEngine\Resources\Parsers\EModelParserFlags.h">
      <Filter>Header Files</Filter>
    </ClInclude>
    <ClInclude Include="include\AmberEngine\Analytics\Profiling\Profiler.h">
      <Filter>Header Files</Filter>
    </ClInclude>
    <ClInclude Include="include\AmberEngine\Analytics\Profiling\ProfilerReport.h">
      <Filter>Header Files</Filter>
    </ClInclude>
    <ClInclude Include="include\AmberEngine\Analytics\Profiling\ProfilerSpy.h">
      <Filter>Header Files</Filter>
    </ClInclude>
    <ClInclude Include="include\AmberEngine\UI\Panels\ProfilerPanel.h">
      <Filter>Header Files</Filter>
    </ClInclude>
    <ClInclude Include="include\AmberEngine\Debug\Assertion.h">
      <Filter>Header Files</Filter>
    </ClInclude>
    <ClInclude Include="include\AmberEngine\Debug\ConsoleColor.h">
      <Filter>Header Files</Filter>
    </ClInclude>
    <ClInclude Include="include\AmberEngine\Debug\ILogHandler.h">
      <Filter>Header Files</Filter>
    </ClInclude>
    <ClInclude Include="include\AmberEngine\Debug\ConsoleHandler.h">
      <Filter>Header Files</Filter>
    </ClInclude>
    <ClInclude Include="include\AmberEngine\Debug\FileHandler.h">
      <Filter>Header Files</Filter>
    </ClInclude>
    <ClInclude Include="include\AmberEngine\Debug\HistoryHandler.h">
      <Filter>Header Files</Filter>
    </ClInclude>
    <ClInclude Include="include\AmberEngine\Debug\Logger.h">
      <Filter>Header Files</Filter>
    </ClInclude>
    <ClInclude Include="include\AmberEngine\Tools\Time\Date.h">
      <Filter>Header Files</Filter>
    </ClInclude>
    <ClInclude Include="include\AmberEngine\UI\Panels\Console.h">
      <Filter>Header Files</Filter>
    </ClInclude>
    <ClInclude Include="include\AmberEngine\UI\Widgets\Spacing.h">
      <Filter>Header Files</Filter>
    </ClInclude>
    <ClInclude Include="include\AmberEngine\Core\ECS\Components\CAmbientSphereLight.h">
      <Filter>Header Files</Filter>
    </ClInclude>
    <ClInclude Include="include\AmberEngine\Core\ECS\Components\CSpotLight.h">
      <Filter>Header Files</Filter>
    </ClInclude>
    <ClInclude Include="include\AmberEngine\Core\ProjectHub.h">
      <Filter>Header Files</Filter>
    </ClInclude>
    <ClInclude Include="include\AmberEngine\UI\Settings\EAlignment.h">
      <Filter>Header Files</Filter>
    </ClInclude>
    <ClInclude Include="include\AmberEngine\Physics\Core\PhysicsEngine.h">
      <Filter>Header Files</Filter>
    </ClInclude>
    <ClInclude Include="include\AmberEngine\Physics\Settings\BodySettings.h">
      <Filter>Header Files</Filter>
    </ClInclude>
    <ClInclude Include="include\AmberEngine\Physics\Settings\PhysicsSettings.h">
      <Filter>Header Files</Filter>
    </ClInclude>
    <ClInclude Include="include\AmberEngine\Physics\Entities\PhysicalBox.h">
      <Filter>Header Files</Filter>
    </ClInclude>
    <ClInclude Include="include\AmberEngine\Physics\Entities\PhysicalCapsule.h">
      <Filter>Header Files</Filter>
    </ClInclude>
    <ClInclude Include="include\AmberEngine\Physics\Entities\PhysicalObject.h">
      <Filter>Header Files</Filter>
    </ClInclude>
    <ClInclude Include="include\AmberEngine\Physics\Entities\PhysicalSphere.h">
      <Filter>Header Files</Filter>
    </ClInclude>
    <ClInclude Include="include\AmberEngine\Physics\Entities\RaycastHit.h">
      <Filter>Header Files</Filter>
    </ClInclude>
    <ClInclude Include="include\AmberEngine\Physics\Tools\Conversion.h">
      <Filter>Header Files</Filter>
    </ClInclude>
    <ClInclude Include="include\AmberEngine\UI\Panels\Toolbar.h">
      <Filter>Header Files</Filter>
    </ClInclude>
    <ClInclude Include="include\AmberEngine\UI\Widgets\ButtonImage.h">
      <Filter>Header Files</Filter>
    </ClInclude>
    <ClInclude Include="include\AmberEngine\Core\ECS\Components\CPhysicalObject.h">
      <Filter>Header Files</Filter>
    </ClInclude>
    <ClInclude Include="include\AmberEngine\Core\ECS\Components\CPhysicalBox.h">
      <Filter>Header Files</Filter>
    </ClInclude>
    <ClInclude Include="include\AmberEngine\Core\ECS\Components\CPhysicalSphere.h">
      <Filter>Header Files</Filter>
    </ClInclude>
    <ClInclude Include="include\AmberEngine\Core\ECS\Components\CPhysicalCapsule.h">
      <Filter>Header Files</Filter>
    </ClInclude>
    <ClInclude Include="include\AmberEngine\UI\Panels\ProjectSettings.h">
      <Filter>Header Files</Filter>
    </ClInclude>
    <ClInclude Include="include\AmberEngine\Core\GizmoBehaviour.h">
      <Filter>Header Files</Filter>
    </ClInclude>
    <ClInclude Include="include\AmberEngine\Maths\TransformNotifier.h">
      <Filter>Header Files</Filter>
    </ClInclude>
    <ClInclude Include="include\AmberEngine\Tools\Utils\FunctionUtility.h">
      <Filter>Header Files</Filter>
    </ClInclude>
    <ClInclude Include="include\AmberEngine\Debug\HandlerHeader.h">
      <Filter>Header Files</Filter>
    </ClInclude>
  </ItemGroup>
  <ItemGroup>
    <ClCompile Include="src\AmberEngine\Buffers\IndexBuffer.cpp">
      <Filter>Source Files</Filter>
    </ClCompile>
    <ClCompile Include="src\AmberEngine\Buffers\VertexArray.cpp">
      <Filter>Source Files</Filter>
    </ClCompile>
    <ClCompile Include="src\AmberEngine\Buffers\VertexBuffer.cpp">
      <Filter>Source Files</Filter>
    </ClCompile>
    <ClCompile Include="src\AmberEngine\Context\Device.cpp">
      <Filter>Source Files</Filter>
    </ClCompile>
    <ClCompile Include="src\AmberEngine\Context\Driver.cpp">
      <Filter>Source Files</Filter>
    </ClCompile>
    <ClCompile Include="src\AmberEngine\Resources\Shader.cpp">
      <Filter>Source Files</Filter>
    </ClCompile>
    <ClCompile Include="src\AmberEngine\Resources\Texture.cpp">
      <Filter>Source Files</Filter>
    </ClCompile>
    <ClCompile Include="src\AmberEngine\Resources\Primitives\Cube.cpp">
      <Filter>Source Files</Filter>
    </ClCompile>
    <ClCompile Include="src\AmberEngine\ImGUI\imgui.cpp">
      <Filter>Source Files</Filter>
    </ClCompile>
    <ClCompile Include="src\AmberEngine\ImGUI\imgui_demo.cpp">
      <Filter>Source Files</Filter>
    </ClCompile>
    <ClCompile Include="src\AmberEngine\ImGUI\imgui_draw.cpp">
      <Filter>Source Files</Filter>
    </ClCompile>
    <ClCompile Include="src\AmberEngine\ImGUI\imgui_impl_glfw.cpp">
      <Filter>Source Files</Filter>
    </ClCompile>
    <ClCompile Include="src\AmberEngine\ImGUI\imgui_widgets.cpp">
      <Filter>Source Files</Filter>
    </ClCompile>
    <ClCompile Include="src\AmberEngine\ImGUI\imgui_impl_opengl3.cpp">
      <Filter>Source Files</Filter>
    </ClCompile>
    <ClCompile Include="src\AmberEngine\Context\Window.cpp">
      <Filter>Source Files</Filter>
    </ClCompile>
    <ClCompile Include="src\AmberEngine\Inputs\InputManager.cpp">
      <Filter>Source Files</Filter>
    </ClCompile>
    <ClCompile Include="Amberpch.cpp">
      <Filter>Source Files</Filter>
    </ClCompile>
    <ClCompile Include="src\AmberEngine\Core\Editor.cpp">
      <Filter>Source Files</Filter>
    </ClCompile>
    <ClCompile Include="src\AmberEngine\Core\Context.cpp">
      <Filter>Source Files</Filter>
    </ClCompile>
    <ClCompile Include="src\AmberEngine\Tools\Utils\String.cpp">
      <Filter>Source Files</Filter>
    </ClCompile>
    <ClCompile Include="src\AmberEngine\Tools\Time\Clock.cpp">
      <Filter>Source Files</Filter>
    </ClCompile>
    <ClCompile Include="src\AmberEngine\Resources\Parsers\AssimpParser.cpp">
      <Filter>Source Files</Filter>
    </ClCompile>
    <ClCompile Include="src\AmberEngine\Resources\Loaders\ShaderLoader.cpp">
      <Filter>Source Files</Filter>
    </ClCompile>
    <ClCompile Include="src\AmberEngine\Maths\Transform.cpp">
      <Filter>Source Files</Filter>
    </ClCompile>
    <ClCompile Include="src\AmberEngine\Resources\Mesh.cpp">
      <Filter>Source Files</Filter>
    </ClCompile>
    <ClCompile Include="src\AmberEngine\Resources\Model.cpp">
      <Filter>Source Files</Filter>
    </ClCompile>
    <ClCompile Include="src\AmberEngine\Resources\Loaders\TextureLoader.cpp">
      <Filter>Source Files</Filter>
    </ClCompile>
    <ClCompile Include="src\AmberEngine\Buffers\FrameBuffer.cpp">
      <Filter>Source Files</Filter>
    </ClCompile>
    <ClCompile Include="src\AmberEngine\Core\ECS\Actor.cpp">
      <Filter>Source Files</Filter>
    </ClCompile>
    <ClCompile Include="src\AmberEngine\Tools\Utils\ASingleton.cpp">
      <Filter>Source Files</Filter>
    </ClCompile>
    <ClCompile Include="src\AmberEngine\Core\ECS\Components\AComponent.cpp">
      <Filter>Source Files</Filter>
    </ClCompile>
    <ClCompile Include="src\AmberEngine\Rendering\Entities\Light.cpp">
      <Filter>Source Files</Filter>
    </ClCompile>
    <ClCompile Include="src\AmberEngine\Buffers\UniformBuffer.cpp">
      <Filter>Source Files</Filter>
    </ClCompile>
    <ClCompile Include="src\AmberEngine\Core\SceneSystem\Scene.cpp">
      <Filter>Source Files</Filter>
    </ClCompile>
    <ClCompile Include="src\AmberEngine\Resources\RawShaders.cpp">
      <Filter>Source Files</Filter>
    </ClCompile>
    <ClCompile Include="src\AmberEngine\Core\EditorResources.cpp">
      <Filter>Source Files</Filter>
    </ClCompile>
    <ClCompile Include="src\AmberEngine\Resources\Loaders\ModelLoader.cpp">
      <Filter>Source Files</Filter>
    </ClCompile>
    <ClCompile Include="src\AmberEngine\Resources\Material.cpp">
      <Filter>Source Files</Filter>
    </ClCompile>
    <ClCompile Include="src\AmberEngine\Buffers\ShaderStorageBuffer.cpp">
      <Filter>Source Files</Filter>
    </ClCompile>
    <ClCompile Include="src\AmberEngine\Tools\Utils\Maths.cpp">
      <Filter>Source Files</Filter>
    </ClCompile>
    <ClCompile Include="src\AmberEngine\Data\Color.cpp">
      <Filter>Source Files</Filter>
    </ClCompile>
    <ClCompile Include="src\AmberEngine\Tools\Utils\Converter.cpp">
      <Filter>Source Files</Filter>
    </ClCompile>
    <ClCompile Include="src\AmberEngine\UI\Panels\Hierarchy.cpp">
      <Filter>Source Files</Filter>
    </ClCompile>
    <ClCompile Include="src\AmberEngine\UI\Panels\APanel.cpp">
      <Filter>Source Files</Filter>
    </ClCompile>
    <ClCompile Include="src\AmberEngine\UI\Canvas.cpp">
      <Filter>Source Files</Filter>
    </ClCompile>
    <ClCompile Include="src\AmberEngine\UI\Panels\Views\AView.cpp">
      <Filter>Source Files</Filter>
    </ClCompile>
    <ClCompile Include="src\AmberEngine\UI\Panels\Views\SceneView.cpp">
      <Filter>Source Files</Filter>
    </ClCompile>
    <ClCompile Include="src\AmberEngine\UI\Panels\APanelWindow.cpp">
      <Filter>Source Files</Filter>
    </ClCompile>
    <ClCompile Include="src\AmberEngine\UI\Panels\DriverInfoPanel.cpp">
      <Filter>Source Files</Filter>
    </ClCompile>
    <ClCompile Include="src\AmberEngine\UI\Panels\Inspector.cpp">
      <Filter>Source Files</Filter>
    </ClCompile>
    <ClCompile Include="src\AmberEngine\UI\Widgets\Awidget.cpp">
      <Filter>Source Files</Filter>
    </ClCompile>
    <ClCompile Include="src\AmberEngine\UI\WidgetContainer.cpp">
      <Filter>Source Files</Filter>
    </ClCompile>
    <ClCompile Include="src\AmberEngine\UI\GUIDrawer.cpp">
      <Filter>Source Files</Filter>
    </ClCompile>
    <ClCompile Include="src\AmberEngine\Core\ECS\Components\CTransform.cpp">
      <Filter>Source Files</Filter>
    </ClCompile>
    <ClCompile Include="src\AmberEngine\Core\ECS\Components\CModelRenderer.cpp">
      <Filter>Source Files</Filter>
    </ClCompile>
    <ClCompile Include="src\AmberEngine\Core\ECS\Components\CLight.cpp">
      <Filter>Source Files</Filter>
    </ClCompile>
    <ClCompile Include="src\AmberEngine\Tools\Global\ServiceLocator.cpp">
      <Filter>Source Files</Filter>
    </ClCompile>
    <ClCompile Include="src\AmberEngine\Core\ECS\Components\CDirectionalLight.cpp">
      <Filter>Source Files</Filter>
    </ClCompile>
    <ClCompile Include="src\AmberEngine\Core\ECS\Components\CPointLight.cpp">
      <Filter>Source Files</Filter>
    </ClCompile>
    <ClCompile Include="src\AmberEngine\UI\Panels\PanelMenuBar.cpp">
      <Filter>Source Files</Filter>
    </ClCompile>
    <ClCompile Include="src\AmberEngine\Core\SceneSystem\SceneManager.cpp">
      <Filter>Source Files</Filter>
    </ClCompile>
    <ClCompile Include="src\AmberEngine\Core\EditorRenderer.cpp">
      <Filter>Source Files</Filter>
    </ClCompile>
    <ClCompile Include="src\AmberEngine\UI\Panels\MenuBar.cpp">
      <Filter>Source Files</Filter>
    </ClCompile>
    <ClCompile Include="src\AmberEngine\UI\Core\UIManager.cpp">
      <Filter>Source Files</Filter>
    </ClCompile>
    <ClCompile Include="src\AmberEngine\Core\PanelsManager.cpp">
      <Filter>Source Files</Filter>
    </ClCompile>
    <ClCompile Include="src\AmberEngine\UI\Widgets\Button.cpp">
      <Filter>Source Files</Filter>
    </ClCompile>
    <ClCompile Include="src\AmberEngine\UI\Widgets\ColorEdit.cpp">
      <Filter>Source Files</Filter>
    </ClCompile>
    <ClCompile Include="src\AmberEngine\UI\Widgets\Text.cpp">
      <Filter>Source Files</Filter>
    </ClCompile>
    <ClCompile Include="src\AmberEngine\UI\Widgets\TextColored.cpp">
      <Filter>Source Files</Filter>
    </ClCompile>
    <ClCompile Include="src\AmberEngine\UI\Widgets\TreeNode.cpp">
      <Filter>Source Files</Filter>
    </ClCompile>
    <ClCompile Include="src\AmberEngine\UI\Widgets\Group.cpp">
      <Filter>Source Files</Filter>
    </ClCompile>
    <ClCompile Include="src\AmberEngine\UI\Widgets\GroupCollapsable.cpp">
      <Filter>Source Files</Filter>
    </ClCompile>
    <ClCompile Include="src\AmberEngine\UI\Widgets\MenuItem.cpp">
      <Filter>Source Files</Filter>
    </ClCompile>
    <ClCompile Include="src\AmberEngine\UI\Widgets\MenuList.cpp">
      <Filter>Source Files</Filter>
    </ClCompile>
    <ClCompile Include="src\AmberEngine\UI\Widgets\Image.cpp">
      <Filter>Source Files</Filter>
    </ClCompile>
    <ClCompile Include="src\AmberEngine\UI\Widgets\InputText.cpp">
      <Filter>Source Files</Filter>
    </ClCompile>
    <ClCompile Include="src\AmberEngine\UI\Widgets\Separator.cpp">
      <Filter>Source Files</Filter>
    </ClCompile>
    <ClCompile Include="src\AmberEngine\UI\Panels\FrameInfo.cpp">
      <Filter>Source Files</Filter>
    </ClCompile>
    <ClCompile Include="src\AmberEngine\Tools\Utils\NumberFormat.cpp">
      <Filter>Source Files</Filter>
    </ClCompile>
    <ClCompile Include="src\AmberEngine\Core\ECSRenderer.cpp">
      <Filter>Source Files</Filter>
    </ClCompile>
    <ClCompile Include="src\AmberEngine\Core\ECS\Components\CMaterialRenderer.cpp">
      <Filter>Source Files</Filter>
    </ClCompile>
    <ClCompile Include="src\AmberEngine\UI\Widgets\ButtonSmall.cpp">
      <Filter>Source Files</Filter>
    </ClCompile>
    <ClCompile Include="src\AmberEngine\Rendering\Core\Renderer.cpp">
      <Filter>Source Files</Filter>
    </ClCompile>
    <ClCompile Include="src\AmberEngine\Managers\ModelManager.cpp">
      <Filter>Source Files</Filter>
    </ClCompile>
    <ClCompile Include="src\AmberEngine\Managers\ShaderManager.cpp">
      <Filter>Source Files</Filter>
    </ClCompile>
    <ClCompile Include="src\AmberEngine\Managers\TextureManager.cpp">
      <Filter>Source Files</Filter>
    </ClCompile>
    <ClCompile Include="src\AmberEngine\Tools\Utils\PathParser.cpp">
      <Filter>Source Files</Filter>
    </ClCompile>
    <ClCompile Include="src\AmberEngine\Rendering\Entities\Camera.cpp">
      <Filter>Source Files</Filter>
    </ClCompile>
    <ClCompile Include="src\AmberEngine\Core\CameraController.cpp">
      <Filter>Source Files</Filter>
    </ClCompile>
    <ClCompile Include="src\AmberEngine\Core\EditorAction.cpp">
      <Filter>Source Files</Filter>
    </ClCompile>
    <ClCompile Include="src\AmberEngine\Managers\MaterialManager.cpp">
      <Filter>Source Files</Filter>
    </ClCompile>
    <ClCompile Include="src\AmberEngine\Resources\Loaders\MaterialLoader.cpp">
      <Filter>Source Files</Filter>
    </ClCompile>
    <ClCompile Include="src\AmberEngine\Tools\FileSystem\IniFile.cpp">
      <Filter>Source Files</Filter>
    </ClCompile>
    <ClCompile Include="src\AmberEngine\Tools\FileSystem\tinyxml2.cpp">
      <Filter>Source Files</Filter>
    </ClCompile>
    <ClCompile Include="src\AmberEngine\Core\ActorCreationMenu.cpp">
      <Filter>Source Files</Filter>
    </ClCompile>
    <ClCompile Include="src\AmberEngine\Core\Helpers\Serializer.cpp">
      <Filter>Source Files</Filter>
    </ClCompile>
    <ClCompile Include="src\AmberEngine\UI\Widgets\ContextualMenuItem.cpp">
      <Filter>Source Files</Filter>
    </ClCompile>
    <ClCompile Include="src\AmberEngine\UI\Widgets\ContextualMenuWindow.cpp">
      <Filter>Source Files</Filter>
    </ClCompile>
    <ClCompile Include="src\AmberEngine\UI\Panels\AssetBrowser.cpp">
      <Filter>Source Files</Filter>
    </ClCompile>
    <ClCompile Include="src\AmberEngine\Windowing\Dialogs\FileDialog.cpp">
      <Filter>Source Files</Filter>
    </ClCompile>
    <ClCompile Include="src\AmberEngine\Windowing\Dialogs\MessageBox.cpp">
      <Filter>Source Files</Filter>
    </ClCompile>
    <ClCompile Include="src\AmberEngine\Windowing\Dialogs\OpenFileDialog.cpp">
      <Filter>Source Files</Filter>
    </ClCompile>
    <ClCompile Include="src\AmberEngine\Windowing\Dialogs\SaveFileDialog.cpp">
      <Filter>Source Files</Filter>
    </ClCompile>
    <ClCompile Include="src\AmberEngine\UI\Widgets\TextClickable.cpp">
      <Filter>Source Files</Filter>
    </ClCompile>
    <ClCompile Include="src\AmberEngine\Tools\Utils\SystemCalls.cpp">
      <Filter>Source Files</Filter>
    </ClCompile>
    <ClCompile Include="src\AmberEngine\UI\Widgets\AContextualMenu.cpp">
      <Filter>Source Files</Filter>
    </ClCompile>
    <ClCompile Include="src\AmberEngine\UI\ContextualMenuContainer.cpp">
      <Filter>Source Files</Filter>
    </ClCompile>
    <ClCompile Include="src\AmberEngine\UI\Panels\MaterialEditor.cpp">
      <Filter>Source Files</Filter>
    </ClCompile>
    <ClCompile Include="src\AmberEngine\UI\Widgets\CheckBox.cpp">
      <Filter>Source Files</Filter>
    </ClCompile>
    <ClCompile Include="src\AmberEngine\UI\Widgets\ComboBox.cpp">
      <Filter>Source Files</Filter>
    </ClCompile>
    <ClCompile Include="src\AmberEngine\Core\ECS\Components\CCamera.cpp">
      <Filter>Source Files</Filter>
    </ClCompile>
    <ClCompile Include="src\AmberEngine\Core\ShapeDrawer.cpp">
      <Filter>Source Files</Filter>
    </ClCompile>
    <ClCompile Include="src\AmberEngine\UI\Panels\Views\GameView.cpp">
      <Filter>Source Files</Filter>
    </ClCompile>
    <ClCompile Include="src\AmberEngine\Core\ECS\Components\CAmbientBoxLight.cpp">
      <Filter>Source Files</Filter>
    </ClCompile>
    <ClCompile Include="src\AmberEngine\UI\Panels\Views\AssetView.cpp">
      <Filter>Source Files</Filter>
    </ClCompile>
    <ClCompile Include="src\AmberEngine\Analytics\Hardware\CPUInfo.cpp">
      <Filter>Source Files</Filter>
    </ClCompile>
    <ClCompile Include="src\AmberEngine\Analytics\Hardware\GPUInfo.cpp">
      <Filter>Source Files</Filter>
    </ClCompile>
    <ClCompile Include="src\AmberEngine\Analytics\Hardware\HardwareInfo.cpp">
      <Filter>Source Files</Filter>
    </ClCompile>
    <ClCompile Include="src\AmberEngine\Analytics\Hardware\RAMInfo.cpp">
      <Filter>Source Files</Filter>
    </ClCompile>
    <ClCompile Include="src\AmberEngine\UI\Widgets\APlot.cpp">
      <Filter>Source Files</Filter>
    </ClCompile>
    <ClCompile Include="src\AmberEngine\UI\Widgets\PlotHistogram.cpp">
      <Filter>Source Files</Filter>
    </ClCompile>
    <ClCompile Include="src\AmberEngine\UI\Widgets\PlotLines.cpp">
      <Filter>Source Files</Filter>
    </ClCompile>
    <ClCompile Include="src\AmberEngine\UI\Panels\HardwareInfoPanel.cpp">
      <Filter>Source Files</Filter>
    </ClCompile>
    <ClCompile Include="src\AmberEngine\UI\Panels\AssetProperties.cpp">
      <Filter>Source Files</Filter>
    </ClCompile>
    <ClCompile Include="src\AmberEngine\UI\Widgets\NewLine.cpp">
      <Filter>Source Files</Filter>
    </ClCompile>
    <ClCompile Include="src\AmberEngine\Tools\Utils\SizeConverter.cpp">
      <Filter>Source Files</Filter>
    </ClCompile>
    <ClCompile Include="src\AmberEngine\Analytics\Profiling\Profiler.cpp">
      <Filter>Source Files</Filter>
    </ClCompile>
    <ClCompile Include="src\AmberEngine\Analytics\Profiling\ProfilerSpy.cpp">
      <Filter>Source Files</Filter>
    </ClCompile>
    <ClCompile Include="src\AmberEngine\UI\Panels\ProfilerPanel.cpp">
      <Filter>Source Files</Filter>
    </ClCompile>
    <ClCompile Include="src\AmberEngine\Debug\Assertion.cpp">
      <Filter>Source Files</Filter>
    </ClCompile>
    <ClCompile Include="src\AmberEngine\Debug\ConsoleHandler.cpp">
      <Filter>Source Files</Filter>
    </ClCompile>
    <ClCompile Include="src\AmberEngine\Debug\FileHandler.cpp">
      <Filter>Source Files</Filter>
    </ClCompile>
    <ClCompile Include="src\AmberEngine\Tools\Time\Date.cpp">
      <Filter>Source Files</Filter>
    </ClCompile>
    <ClCompile Include="src\AmberEngine\Debug\HistoryHandler.cpp">
      <Filter>Source Files</Filter>
    </ClCompile>
    <ClCompile Include="src\AmberEngine\Debug\Logger.cpp">
      <Filter>Source Files</Filter>
    </ClCompile>
    <ClCompile Include="src\AmberEngine\UI\Panels\Console.cpp">
      <Filter>Source Files</Filter>
    </ClCompile>
    <ClCompile Include="src\AmberEngine\UI\Widgets\Spacing.cpp">
      <Filter>Source Files</Filter>
    </ClCompile>
    <ClCompile Include="src\AmberEngine\Core\ECS\Components\CAmbientSphereLight.cpp">
      <Filter>Source Files</Filter>
    </ClCompile>
    <ClCompile Include="src\AmberEngine\Core\ECS\Components\CSpotLight.cpp">
      <Filter>Source Files</Filter>
    </ClCompile>
    <ClCompile Include="src\AmberEngine\Core\ProjectHub.cpp">
      <Filter>Source Files</Filter>
    </ClCompile>
    <ClCompile Include="src\AmberEngine\Physics\Core\PhysicsEngine.cpp">
      <Filter>Source Files</Filter>
    </ClCompile>
    <ClCompile Include="src\AmberEngine\Physics\Entities\PhysicalBox.cpp">
      <Filter>Source Files</Filter>
    </ClCompile>
    <ClCompile Include="src\AmberEngine\Physics\Entities\PhysicalCapsule.cpp">
      <Filter>Source Files</Filter>
    </ClCompile>
    <ClCompile Include="src\AmberEngine\Physics\Entities\PhysicalObject.cpp">
      <Filter>Source Files</Filter>
    </ClCompile>
    <ClCompile Include="src\AmberEngine\Physics\Entities\PhysicalSphere.cpp">
      <Filter>Source Files</Filter>
    </ClCompile>
    <ClCompile Include="src\AmberEngine\Physics\Tools\Conversion.cpp">
      <Filter>Source Files</Filter>
    </ClCompile>
    <ClCompile Include="src\AmberEngine\UI\Widgets\ButtonImage.cpp">
      <Filter>Source Files</Filter>
    </ClCompile>
    <ClCompile Include="src\AmberEngine\UI\Panels\Toolbar.cpp">
      <Filter>Source Files</Filter>
    </ClCompile>
    <ClCompile Include="src\AmberEngine\Core\ECS\Components\CPhysicalObject.cpp">
      <Filter>Source Files</Filter>
    </ClCompile>
    <ClCompile Include="src\AmberEngine\Core\ECS\Components\CPhysicalBox.cpp">
      <Filter>Source Files</Filter>
    </ClCompile>
    <ClCompile Include="src\AmberEngine\Core\ECS\Components\CPhysicalSphere.cpp">
      <Filter>Source Files</Filter>
    </ClCompile>
    <ClCompile Include="src\AmberEngine\Core\ECS\Components\CPhysicalCapsule.cpp">
      <Filter>Source Files</Filter>
    </ClCompile>
    <ClCompile Include="src\AmberEngine\UI\Panels\ProjectSettings.cpp">
      <Filter>Source Files</Filter>
    </ClCompile>
    <ClCompile Include="src\AmberEngine\Core\GizmoBehaviour.cpp">
      <Filter>Source Files</Filter>
    </ClCompile>
    <ClCompile Include="src\AmberEngine\Maths\TransformNotifier.cpp">
      <Filter>Source Files</Filter>
    </ClCompile>
    <ClCompile Include="src\AmberEngine\Debug\HandlerHeader.cpp">
      <Filter>Source Files</Filter>
    </ClCompile>
  </ItemGroup>
  <ItemGroup>
    <None Include="include\AmberEngine\Eventing\Event.inl">
      <Filter>Header Files</Filter>
    </None>
    <None Include="include\AmberEngine\Managers\AResourceManager.inl">
      <Filter>Header Files</Filter>
    </None>
    <None Include="include\AmberEngine\UI\GUIDrawer.inl">
      <Filter>Header Files</Filter>
    </None>
    <None Include="include\AmberEngine\Tools\FileSystem\IniFile.inl">
      <Filter>Header Files</Filter>
    </None>
    <None Include="include\AmberEngine\Debug\Logger.inl">
      <Filter>Header Files</Filter>
    </None>
    <None Include="include\AmberEngine\Core\EditorAction.inl">
      <Filter>Header Files</Filter>
    </None>
  </ItemGroup>
</Project>