<?xml version="1.0" encoding="utf-8"?>
<Project ToolsVersion="4.0" xmlns="http://schemas.microsoft.com/developer/msbuild/2003">
  <ItemGroup>
    <Filter Include="Source Files">
      <UniqueIdentifier>{4FC737F1-C7A5-4376-A066-2A32D752A2FF}</UniqueIdentifier>
      <Extensions>cpp;c;cc;cxx;def;odl;idl;hpj;bat;asm;asmx</Extensions>
    </Filter>
    <Filter Include="Header Files">
      <UniqueIdentifier>{93995380-89BD-4b04-88EB-625FBE52EBFB}</UniqueIdentifier>
      <Extensions>h;hh;hpp;hxx;hm;inl;inc;ipp;xsd</Extensions>
    </Filter>
    <Filter Include="Resource Files">
      <UniqueIdentifier>{67DA6AB6-F800-4c08-8B7A-83BB121AAD01}</UniqueIdentifier>
      <Extensions>rc;ico;cur;bmp;dlg;rc2;rct;bin;rgs;gif;jpg;jpeg;jpe;resx;tiff;tif;png;wav;mfcribbon-ms</Extensions>
    </Filter>
  </ItemGroup>
  <ItemGroup>
    <ClInclude Include="pch.h">
      <Filter>Header Files</Filter>
    </ClInclude>
    <ClInclude Include="include\ExampleLayer.h">
      <Filter>Header Files</Filter>
    </ClInclude>
  </ItemGroup>
  <ItemGroup>
    <ClCompile Include="pch.cpp">
      <Filter>Source Files</Filter>
    </ClCompile>
    <ClCompile Include="src\ExampleLayer.cpp">
      <Filter>Source Files</Filter>
    </ClCompile>
    <ClCompile Include="Example.cpp">
      <Filter>Source Files</Filter>
    </ClCompile>
  </ItemGroup>
  <ItemGroup>
    <None Include="res\shaders\Examples\basic_lighting_viewspace.fs" />
    <None Include="res\shaders\Examples\basic_lighting_viewspace.vs" />
    <None Include="res\shaders\Examples\basic_lighting_worldspace.fs" />
    <None Include="res\shaders\Examples\basic_lighting_worldspace.vs" />
    <None Include="res\shaders\Examples\colors.fs" />
    <None Include="res\shaders\Examples\colors.vs" />
    <None Include="res\shaders\Examples\directional_lighting.fs" />
    <None Include="res\shaders\Examples\directional_lighting.vs" />
    <None Include="res\shaders\Examples\lambert.glsl" />
    <None Include="res\shaders\Examples\lamp.fs" />
    <None Include="res\shaders\Examples\lamp.glsl" />
    <None Include="res\shaders\Examples\lamp.vs" />
    <None Include="res\shaders\Examples\light.glsl" />
    <None Include="res\shaders\Examples\lighting_maps.fs" />
    <None Include="res\shaders\Examples\lighting_maps.vs" />
    <None Include="res\shaders\Examples\material.fs" />
    <None Include="res\shaders\Examples\material.vs" />
    <None Include="res\shaders\Examples\normal_debug.fs" />
    <None Include="res\shaders\Examples\normal_debug.gs" />
    <None Include="res\shaders\Examples\normal_debug.vs" />
    <None Include="res\shaders\Examples\texture.fs" />
    <None Include="res\shaders\Examples\texture.vs" />
    <None Include="res\shaders\StandardLighting.fs" />
    <None Include="res\shaders\StandardLighting.vs" />
    <None Include="res\shaders\StandardLighting.glsl" />
    <None Include="res\shaders\DepthVisualization.glsl" />
  </ItemGroup>
</Project>