
Microsoft Visual Studio Solution File, Format Version 12.00
# Visual Studio 15
VisualStudioVersion = 15.0.28010.2003
MinimumVisualStudioVersion = 10.0.40219.1
Project("{8BC9CEB8-8B4A-11D0-8D11-00A0C91BC942}") = "RendererEngine", "RendererEngine\RendererEngine.vcxproj", "{E43FAF32-EDA9-45C8-B768-65DD91FBFEAF}"
EndProject
Global
	GlobalSection(SolutionConfigurationPlatforms) = preSolution
		Debug|x64 = Debug|x64
		Debug|x86 = Debug|x86
		Release|x64 = Release|x64
		Release|x86 = Release|x86
	EndGlobalSection
	GlobalSection(ProjectConfigurationPlatforms) = postSolution
		{E43FAF32-EDA9-45C8-B768-65DD91FBFEAF}.Debug|x64.ActiveCfg = Debug|x64
		{E43FAF32-EDA9-45C8-B768-65DD91FBFEAF}.Debug|x64.Build.0 = Debug|x64
		{E43FAF32-EDA9-45C8-B768-65DD91FBFEAF}.Debug|x86.ActiveCfg = Debug|Win32
		{E43FAF32-EDA9-45C8-B768-65DD91FBFEAF}.Debug|x86.Build.0 = Debug|Win32
		{E43FAF32-EDA9-45C8-B768-65DD91FBFEAF}.Release|x64.ActiveCfg = Release|x64
		{E43FAF32-EDA9-45C8-B768-65DD91FBFEAF}.Release|x64.Build.0 = Release|x64
		{E43FAF32-EDA9-45C8-B768-65DD91FBFEAF}.Release|x86.ActiveCfg = Release|Win32
		{E43FAF32-EDA9-45C8-B768-65DD91FBFEAF}.Release|x86.Build.0 = Release|Win32
	EndGlobalSection
	GlobalSection(SolutionProperties) = preSolution
		HideSolutionNode = FALSE
	EndGlobalSection
	GlobalSection(ExtensibilityGlobals) = postSolution
		SolutionGuid = {C33A92E4-9AF8-4FE6-839B-8B37DD10D637}
	EndGlobalSection
EndGlobal
