<?xml version="1.0" encoding="utf-8"?>
<Project ToolsVersion="4.0" xmlns="http://schemas.microsoft.com/developer/msbuild/2003">
  <ItemGroup>
    <Filter Include="Source Files">
      <UniqueIdentifier>{4FC737F1-C7A5-4376-A066-2A32D752A2FF}</UniqueIdentifier>
      <Extensions>cpp;c;cc;cxx;def;odl;idl;hpj;bat;asm;asmx</Extensions>
    </Filter>
    <Filter Include="Header Files">
      <UniqueIdentifier>{93995380-89BD-4b04-88EB-625FBE52EBFB}</UniqueIdentifier>
      <Extensions>h;hh;hpp;hxx;hm;inl;inc;ipp;xsd</Extensions>
    </Filter>
    <Filter Include="Resource Files">
      <UniqueIdentifier>{67DA6AB6-F800-4c08-8B7A-83BB121AAD01}</UniqueIdentifier>
      <Extensions>rc;ico;cur;bmp;dlg;rc2;rct;bin;rgs;gif;jpg;jpeg;jpe;resx;tiff;tif;png;wav;mfcribbon-ms</Extensions>
    </Filter>
  </ItemGroup>
  <ItemGroup>
    <ClInclude Include="pch.h">
      <Filter>Header Files</Filter>
    </ClInclude>
    <ClInclude Include="include\Context\Icontext.h">
      <Filter>Header Files</Filter>
    </ClInclude>
    <ClInclude Include="include\LowRenderer\Camera.h">
      <Filter>Header Files</Filter>
    </ClInclude>
    <ClInclude Include="include\Maths\MathGLM.h">
      <Filter>Header Files</Filter>
    </ClInclude>
    <ClInclude Include="include\Resources\Shader.h">
      <Filter>Header Files</Filter>
    </ClInclude>
    <ClInclude Include="include\Debug\GLDebug.h">
      <Filter>Header Files</Filter>
    </ClInclude>
    <ClInclude Include="include\Utils\Time.h">
      <Filter>Header Files</Filter>
    </ClInclude>
    <ClInclude Include="include\Buffers\IndexBuffer.h">
      <Filter>Header Files</Filter>
    </ClInclude>
    <ClInclude Include="include\Buffers\VertexBuffer.h">
      <Filter>Header Files</Filter>
    </ClInclude>
    <ClInclude Include="include\Buffers\VertexArray.h">
      <Filter>Header Files</Filter>
    </ClInclude>
    <ClInclude Include="include\Buffers\VertexBufferLayout.h">
      <Filter>Header Files</Filter>
    </ClInclude>
    <ClInclude Include="include\Resources\Texture.h">
      <Filter>Header Files</Filter>
    </ClInclude>
    <ClInclude Include="include\Resources\Material.h">
      <Filter>Header Files</Filter>
    </ClInclude>
    <ClInclude Include="include\Resources\Mesh\Cube.h">
      <Filter>Header Files</Filter>
    </ClInclude>
    <ClInclude Include="include\Managers\ResourcesManager.h">
      <Filter>Header Files</Filter>
    </ClInclude>
    <ClInclude Include="ImGui\imconfig.h">
      <Filter>Header Files</Filter>
    </ClInclude>
    <ClInclude Include="ImGui\imgui.h">
      <Filter>Header Files</Filter>
    </ClInclude>
    <ClInclude Include="ImGui\imgui_internal.h">
      <Filter>Header Files</Filter>
    </ClInclude>
    <ClInclude Include="ImGui\stb_rect_pack.h">
      <Filter>Header Files</Filter>
    </ClInclude>
    <ClInclude Include="ImGui\stb_textedit.h">
      <Filter>Header Files</Filter>
    </ClInclude>
    <ClInclude Include="ImGui\stb_truetype.h">
      <Filter>Header Files</Filter>
    </ClInclude>
    <ClInclude Include="include\Managers\InputManager.h">
      <Filter>Header Files</Filter>
    </ClInclude>
    <ClInclude Include="include\Context\Driver.h">
      <Filter>Header Files</Filter>
    </ClInclude>
    <ClInclude Include="include\Managers\WindowManager.h">
      <Filter>Header Files</Filter>
    </ClInclude>
    <ClInclude Include="include\Managers\UIManager.h">
      <Filter>Header Files</Filter>
    </ClInclude>
    <ClInclude Include="include\Context\Device.h">
      <Filter>Header Files</Filter>
    </ClInclude>
    <ClInclude Include="include\Managers\RenderingManager.h">
      <Filter>Header Files</Filter>
    </ClInclude>
    <ClInclude Include="include\Systems\Application.h">
      <Filter>Header Files</Filter>
    </ClInclude>
    <ClInclude Include="include\Resources\ObjLoader.h">
      <Filter>Header Files</Filter>
    </ClInclude>
    <ClInclude Include="include\Resources\Mesh.h">
      <Filter>Header Files</Filter>
    </ClInclude>
    <ClInclude Include="ImGui\imgui_impl_glfw_gl3.h">
      <Filter>Header Files</Filter>
    </ClInclude>
    <ClInclude Include="include\Resources\AssimpMesh.h">
      <Filter>Header Files</Filter>
    </ClInclude>
    <ClInclude Include="include\Resources\AssimpModel.h">
      <Filter>Header Files</Filter>
    </ClInclude>
  </ItemGroup>
  <ItemGroup>
    <ClCompile Include="pch.cpp">
      <Filter>Source Files</Filter>
    </ClCompile>
    <ClCompile Include="RendererEngine.cpp">
      <Filter>Source Files</Filter>
    </ClCompile>
    <ClCompile Include="src\LowRenderer\Camera.cpp">
      <Filter>Source Files</Filter>
    </ClCompile>
    <ClCompile Include="src\Resources\Shader.cpp">
      <Filter>Source Files</Filter>
    </ClCompile>
    <ClCompile Include="src\Debug\GLDebug.cpp">
      <Filter>Source Files</Filter>
    </ClCompile>
    <ClCompile Include="src\Utils\Time.cpp">
      <Filter>Source Files</Filter>
    </ClCompile>
    <ClCompile Include="src\Buffers\IndexBuffer.cpp">
      <Filter>Source Files</Filter>
    </ClCompile>
    <ClCompile Include="src\Buffers\VertexBuffer.cpp">
      <Filter>Source Files</Filter>
    </ClCompile>
    <ClCompile Include="src\Buffers\VertexArray.cpp">
      <Filter>Source Files</Filter>
    </ClCompile>
    <ClCompile Include="src\Resources\Texture.cpp">
      <Filter>Source Files</Filter>
    </ClCompile>
    <ClCompile Include="src\Resources\Material.cpp">
      <Filter>Source Files</Filter>
    </ClCompile>
    <ClCompile Include="src\Resources\Mesh\Cube.cpp">
      <Filter>Source Files</Filter>
    </ClCompile>
    <ClCompile Include="src\Managers\ResourcesManager.cpp">
      <Filter>Source Files</Filter>
    </ClCompile>
    <ClCompile Include="src\Buffers\VertexBufferLayout.cpp">
      <Filter>Source Files</Filter>
    </ClCompile>
    <ClCompile Include="ImGui\imgui.cpp">
      <Filter>Source Files</Filter>
    </ClCompile>
    <ClCompile Include="ImGui\imgui_draw.cpp">
      <Filter>Source Files</Filter>
    </ClCompile>
    <ClCompile Include="src\Managers\InputManager.cpp">
      <Filter>Source Files</Filter>
    </ClCompile>
    <ClCompile Include="src\Context\Driver.cpp">
      <Filter>Source Files</Filter>
    </ClCompile>
    <ClCompile Include="src\Managers\WindowManager.cpp">
      <Filter>Source Files</Filter>
    </ClCompile>
    <ClCompile Include="src\Managers\UIManager.cpp">
      <Filter>Source Files</Filter>
    </ClCompile>
    <ClCompile Include="src\Context\Device.cpp">
      <Filter>Source Files</Filter>
    </ClCompile>
    <ClCompile Include="src\Managers\RenderingManager.cpp">
      <Filter>Source Files</Filter>
    </ClCompile>
    <ClCompile Include="src\Systems\Application.cpp">
      <Filter>Source Files</Filter>
    </ClCompile>
    <ClCompile Include="src\Resources\ObjLoader.cpp">
      <Filter>Source Files</Filter>
    </ClCompile>
    <ClCompile Include="src\Resources\Mesh.cpp">
      <Filter>Source Files</Filter>
    </ClCompile>
    <ClCompile Include="ImGui\imgui_impl_glfw_gl3.cpp">
      <Filter>Source Files</Filter>
    </ClCompile>
    <ClCompile Include="src\Resources\AssimpMesh.cpp">
      <Filter>Source Files</Filter>
    </ClCompile>
    <ClCompile Include="src\Resources\AssimpModel.cpp">
      <Filter>Source Files</Filter>
    </ClCompile>
  </ItemGroup>
  <ItemGroup>
    <None Include="res\shaders\colors.fs" />
    <None Include="res\shaders\colors.vs" />
    <None Include="res\shaders\lamp.fs" />
    <None Include="res\shaders\lamp.glsl" />
    <None Include="res\shaders\lamp.vs" />
    <None Include="res\shaders\light.glsl" />
    <None Include="res\shaders\basic_lighting_worldspace.fs" />
    <None Include="res\shaders\basic_lighting_worldspace.vs" />
    <None Include="res\shaders\basic_lighting_viewspace.vs" />
    <None Include="res\shaders\basic_lighting_viewspace.fs" />
    <None Include="res\shaders\material.vs" />
    <None Include="res\shaders\material.fs" />
    <None Include="imgui.ini" />
    <None Include="res\shaders\lighting_maps.fs" />
    <None Include="res\shaders\lighting_maps.vs" />
    <None Include="res\shaders\texture.fs" />
    <None Include="res\shaders\texture.vs" />
    <None Include="res\shaders\directional_lighting.fs" />
    <None Include="res\shaders\directional_lighting.vs" />
    <None Include="res\shaders\normal_debug.vs" />
    <None Include="res\shaders\normal_debug.fs" />
    <None Include="res\shaders\normal_debug.gs" />
    <None Include="res\shaders\instancing.fs" />
    <None Include="res\shaders\instancing.vs" />
    <None Include="res\shaders\lambert.glsl" />
  </ItemGroup>
  <ItemGroup>
    <Image Include="res\textures\container2.png">
      <Filter>Resource Files</Filter>
    </Image>
    <Image Include="res\textures\container2_specular.png">
      <Filter>Resource Files</Filter>
    </Image>
    <Image Include="res\textures\abs.jpg">
      <Filter>Resource Files</Filter>
    </Image>
    <Image Include="res\textures\abs_spec.jpg">
      <Filter>Resource Files</Filter>
    </Image>
    <Image Include="res\textures\crystal_spec.jpg">
      <Filter>Resource Files</Filter>
    </Image>
    <Image Include="res\textures\crystal.jpg">
      <Filter>Resource Files</Filter>
    </Image>
    <Image Include="res\textures\tile.jpg">
      <Filter>Resource Files</Filter>
    </Image>
    <Image Include="res\textures\tile_spec.jpg">
      <Filter>Resource Files</Filter>
    </Image>
    <Image Include="res\textures\wood.jpg">
      <Filter>Resource Files</Filter>
    </Image>
    <Image Include="res\textures\matrix_emissive.jpg">
      <Filter>Resource Files</Filter>
    </Image>
    <Image Include="res\textures\box_specular.png">
      <Filter>Resource Files</Filter>
    </Image>
    <Image Include="res\textures\box.png">
      <Filter>Resource Files</Filter>
    </Image>
    <Image Include="res\textures\metal_spec.jpg">
      <Filter>Resource Files</Filter>
    </Image>
    <Image Include="res\textures\metal.jpg">
      <Filter>Resource Files</Filter>
    </Image>
    <Image Include="res\textures\gems2.jpg">
      <Filter>Resource Files</Filter>
    </Image>
    <Image Include="res\textures\gems_spec.jpg">
      <Filter>Resource Files</Filter>
    </Image>
    <Image Include="res\textures\gems.jpg">
      <Filter>Resource Files</Filter>
    </Image>
  </ItemGroup>
</Project>