<?xml version="1.0" encoding="utf-8"?>
<Project ToolsVersion="4.0" xmlns="http://schemas.microsoft.com/developer/msbuild/2003">
  <ItemGroup>
    <Filter Include="Source Files">
      <UniqueIdentifier>{4FC737F1-C7A5-4376-A066-2A32D752A2FF}</UniqueIdentifier>
      <Extensions>cpp;c;cc;cxx;def;odl;idl;hpj;bat;asm;asmx</Extensions>
    </Filter>
    <Filter Include="Header Files">
      <UniqueIdentifier>{93995380-89BD-4b04-88EB-625FBE52EBFB}</UniqueIdentifier>
      <Extensions>h;hh;hpp;hxx;hm;inl;inc;ipp;xsd</Extensions>
    </Filter>
    <Filter Include="Resource Files">
      <UniqueIdentifier>{67DA6AB6-F800-4c08-8B7A-83BB121AAD01}</UniqueIdentifier>
      <Extensions>rc;ico;cur;bmp;dlg;rc2;rct;bin;rgs;gif;jpg;jpeg;jpe;resx;tiff;tif;png;wav;mfcribbon-ms</Extensions>
    </Filter>
  </ItemGroup>
  <ItemGroup>
    <ClInclude Include="include\AmberEngine\API\Export.h">
      <Filter>Header Files</Filter>
    </ClInclude>
    <ClInclude Include="include\ImGUI\imconfig.h">
      <Filter>Header Files</Filter>
    </ClInclude>
    <ClInclude Include="include\ImGUI\imgui.h">
      <Filter>Header Files</Filter>
    </ClInclude>
    <ClInclude Include="include\ImGUI\imgui_impl_glfw_gl3.h">
      <Filter>Header Files</Filter>
    </ClInclude>
    <ClInclude Include="include\ImGUI\imgui_internal.h">
      <Filter>Header Files</Filter>
    </ClInclude>
    <ClInclude Include="include\ImGUI\stb_rect_pack.h">
      <Filter>Header Files</Filter>
    </ClInclude>
    <ClInclude Include="include\ImGUI\stb_textedit.h">
      <Filter>Header Files</Filter>
    </ClInclude>
    <ClInclude Include="include\ImGUI\stb_truetype.h">
      <Filter>Header Files</Filter>
    </ClInclude>
    <ClInclude Include="include\AmberEngine\Buffers\IndexBuffer.h">
      <Filter>Header Files</Filter>
    </ClInclude>
    <ClInclude Include="include\AmberEngine\Buffers\VertexArray.h">
      <Filter>Header Files</Filter>
    </ClInclude>
    <ClInclude Include="include\AmberEngine\Buffers\VertexBuffer.h">
      <Filter>Header Files</Filter>
    </ClInclude>
    <ClInclude Include="include\AmberEngine\Buffers\VertexBufferLayout.h">
      <Filter>Header Files</Filter>
    </ClInclude>
    <ClInclude Include="include\AmberEngine\Context\Device.h">
      <Filter>Header Files</Filter>
    </ClInclude>
    <ClInclude Include="include\AmberEngine\Context\Driver.h">
      <Filter>Header Files</Filter>
    </ClInclude>
    <ClInclude Include="include\AmberEngine\LowRenderer\Camera.h">
      <Filter>Header Files</Filter>
    </ClInclude>
    <ClInclude Include="include\AmberEngine\Managers\InputManager.h">
      <Filter>Header Files</Filter>
    </ClInclude>
    <ClInclude Include="include\AmberEngine\Managers\RenderingManager.h">
      <Filter>Header Files</Filter>
    </ClInclude>
    <ClInclude Include="include\AmberEngine\Managers\ResourcesManager.h">
      <Filter>Header Files</Filter>
    </ClInclude>
    <ClInclude Include="include\AmberEngine\Managers\UIManager.h">
      <Filter>Header Files</Filter>
    </ClInclude>
    <ClInclude Include="include\AmberEngine\Managers\WindowManager.h">
      <Filter>Header Files</Filter>
    </ClInclude>
    <ClInclude Include="include\AmberEngine\Maths\MathGLM.h">
      <Filter>Header Files</Filter>
    </ClInclude>
    <ClInclude Include="include\AmberEngine\Resources\Mesh\Cube.h">
      <Filter>Header Files</Filter>
    </ClInclude>
    <ClInclude Include="include\AmberEngine\Resources\AssimpMesh.h">
      <Filter>Header Files</Filter>
    </ClInclude>
    <ClInclude Include="include\AmberEngine\Resources\AssimpModel.h">
      <Filter>Header Files</Filter>
    </ClInclude>
    <ClInclude Include="include\AmberEngine\Resources\Mesh.h">
      <Filter>Header Files</Filter>
    </ClInclude>
    <ClInclude Include="include\AmberEngine\Resources\ObjLoader.h">
      <Filter>Header Files</Filter>
    </ClInclude>
    <ClInclude Include="include\AmberEngine\Resources\Shader.h">
      <Filter>Header Files</Filter>
    </ClInclude>
    <ClInclude Include="include\AmberEngine\Resources\Texture.h">
      <Filter>Header Files</Filter>
    </ClInclude>
    <ClInclude Include="include\AmberEngine\Utils\Time.h">
      <Filter>Header Files</Filter>
    </ClInclude>
    <ClInclude Include="include\AmberEngine\Context\IContext.h">
      <Filter>Header Files</Filter>
    </ClInclude>
    <ClInclude Include="include\AmberEngine\ImGUI\imconfig.h">
      <Filter>Header Files</Filter>
    </ClInclude>
    <ClInclude Include="include\AmberEngine\ImGUI\imgui.h">
      <Filter>Header Files</Filter>
    </ClInclude>
    <ClInclude Include="include\AmberEngine\ImGUI\imgui_impl_glfw_gl3.h">
      <Filter>Header Files</Filter>
    </ClInclude>
    <ClInclude Include="include\AmberEngine\ImGUI\imgui_internal.h">
      <Filter>Header Files</Filter>
    </ClInclude>
    <ClInclude Include="include\AmberEngine\ImGUI\stb_rect_pack.h">
      <Filter>Header Files</Filter>
    </ClInclude>
    <ClInclude Include="include\AmberEngine\ImGUI\stb_textedit.h">
      <Filter>Header Files</Filter>
    </ClInclude>
    <ClInclude Include="include\AmberEngine\ImGUI\stb_truetype.h">
      <Filter>Header Files</Filter>
    </ClInclude>
    <ClInclude Include="include\AmberEngine\Debug\GLDebug.h">
      <Filter>Header Files</Filter>
    </ClInclude>
  </ItemGroup>
  <ItemGroup>
    <ClCompile Include="src\AmberEngine\Buffers\IndexBuffer.cpp">
      <Filter>Source Files</Filter>
    </ClCompile>
    <ClCompile Include="src\AmberEngine\Buffers\VertexArray.cpp">
      <Filter>Source Files</Filter>
    </ClCompile>
    <ClCompile Include="src\AmberEngine\Buffers\VertexBuffer.cpp">
      <Filter>Source Files</Filter>
    </ClCompile>
    <ClCompile Include="src\AmberEngine\Buffers\VertexBufferLayout.cpp">
      <Filter>Source Files</Filter>
    </ClCompile>
    <ClCompile Include="src\AmberEngine\Context\Device.cpp">
      <Filter>Source Files</Filter>
    </ClCompile>
    <ClCompile Include="src\AmberEngine\Context\Driver.cpp">
      <Filter>Source Files</Filter>
    </ClCompile>
    <ClCompile Include="src\AmberEngine\LowRenderer\Camera.cpp">
      <Filter>Source Files</Filter>
    </ClCompile>
    <ClCompile Include="src\AmberEngine\Managers\InputManager.cpp">
      <Filter>Source Files</Filter>
    </ClCompile>
    <ClCompile Include="src\AmberEngine\Managers\RenderingManager.cpp">
      <Filter>Source Files</Filter>
    </ClCompile>
    <ClCompile Include="src\AmberEngine\Managers\ResourcesManager.cpp">
      <Filter>Source Files</Filter>
    </ClCompile>
    <ClCompile Include="src\AmberEngine\Managers\UIManager.cpp">
      <Filter>Source Files</Filter>
    </ClCompile>
    <ClCompile Include="src\AmberEngine\Managers\WindowManager.cpp">
      <Filter>Source Files</Filter>
    </ClCompile>
    <ClCompile Include="src\AmberEngine\Resources\Mesh\Cube.cpp">
      <Filter>Source Files</Filter>
    </ClCompile>
    <ClCompile Include="src\AmberEngine\Resources\AssimpMesh.cpp">
      <Filter>Source Files</Filter>
    </ClCompile>
    <ClCompile Include="src\AmberEngine\Resources\AssimpModel.cpp">
      <Filter>Source Files</Filter>
    </ClCompile>
    <ClCompile Include="src\AmberEngine\Resources\Mesh.cpp">
      <Filter>Source Files</Filter>
    </ClCompile>
    <ClCompile Include="src\AmberEngine\Resources\ObjLoader.cpp">
      <Filter>Source Files</Filter>
    </ClCompile>
    <ClCompile Include="src\AmberEngine\Resources\Shader.cpp">
      <Filter>Source Files</Filter>
    </ClCompile>
    <ClCompile Include="src\AmberEngine\Resources\Texture.cpp">
      <Filter>Source Files</Filter>
    </ClCompile>
    <ClCompile Include="src\AmberEngine\Utils\Time.cpp">
      <Filter>Source Files</Filter>
    </ClCompile>
    <ClCompile Include="src\AmberEngine\ImGUI\imgui.cpp">
      <Filter>Source Files</Filter>
    </ClCompile>
    <ClCompile Include="src\AmberEngine\ImGUI\imgui_draw.cpp">
      <Filter>Source Files</Filter>
    </ClCompile>
    <ClCompile Include="src\AmberEngine\ImGUI\imgui_impl_glfw_gl3.cpp">
      <Filter>Source Files</Filter>
    </ClCompile>
    <ClCompile Include="src\AmberEngine\Debug\GLDebug.cpp">
      <Filter>Source Files</Filter>
    </ClCompile>
  </ItemGroup>
</Project>