
Microsoft Visual Studio Solution File, Format Version 12.00
# Visual Studio 15
VisualStudioVersion = 15.0.28010.2026
MinimumVisualStudioVersion = 10.0.40219.1
Project("{8BC9CEB8-8B4A-11D0-8D11-00A0C91BC942}") = "AmberEngine", "AmberEngine\AmberEngine.vcxproj", "{AE520B00-2613-49C7-804D-EF391D9D933B}"
EndProject
Project("{8BC9CEB8-8B4A-11D0-8D11-00A0C91BC942}") = "AmberEditor", "AmberEditor\AmberEditor.vcxproj", "{6A52A2E4-1202-4467-A2C3-860F8044D82B}"
	ProjectSection(ProjectDependencies) = postProject
		{AE520B00-2613-49C7-804D-EF391D9D933B} = {AE520B00-2613-49C7-804D-EF391D9D933B}
	EndProjectSection
EndProject
Global
	GlobalSection(SolutionConfigurationPlatforms) = preSolution
		Debug|x64 = Debug|x64
		Debug|x86 = Debug|x86
		Release|x64 = Release|x64
		Release|x86 = Release|x86
	EndGlobalSection
	GlobalSection(ProjectConfigurationPlatforms) = postSolution
		{AE520B00-2613-49C7-804D-EF391D9D933B}.Debug|x64.ActiveCfg = Debug|x64
		{AE520B00-2613-49C7-804D-EF391D9D933B}.Debug|x64.Build.0 = Debug|x64
		{AE520B00-2613-49C7-804D-EF391D9D933B}.Debug|x86.ActiveCfg = Debug|Win32
		{AE520B00-2613-49C7-804D-EF391D9D933B}.Debug|x86.Build.0 = Debug|Win32
		{AE520B00-2613-49C7-804D-EF391D9D933B}.Release|x64.ActiveCfg = Release|x64
		{AE520B00-2613-49C7-804D-EF391D9D933B}.Release|x64.Build.0 = Release|x64
		{AE520B00-2613-49C7-804D-EF391D9D933B}.Release|x86.ActiveCfg = Release|Win32
		{AE520B00-2613-49C7-804D-EF391D9D933B}.Release|x86.Build.0 = Release|Win32
		{6A52A2E4-1202-4467-A2C3-860F8044D82B}.Debug|x64.ActiveCfg = Debug|x64
		{6A52A2E4-1202-4467-A2C3-860F8044D82B}.Debug|x64.Build.0 = Debug|x64
		{6A52A2E4-1202-4467-A2C3-860F8044D82B}.Debug|x86.ActiveCfg = Debug|Win32
		{6A52A2E4-1202-4467-A2C3-860F8044D82B}.Debug|x86.Build.0 = Debug|Win32
		{6A52A2E4-1202-4467-A2C3-860F8044D82B}.Release|x64.ActiveCfg = Release|x64
		{6A52A2E4-1202-4467-A2C3-860F8044D82B}.Release|x64.Build.0 = Release|x64
		{6A52A2E4-1202-4467-A2C3-860F8044D82B}.Release|x86.ActiveCfg = Release|Win32
		{6A52A2E4-1202-4467-A2C3-860F8044D82B}.Release|x86.Build.0 = Release|Win32
	EndGlobalSection
	GlobalSection(SolutionProperties) = preSolution
		HideSolutionNode = FALSE
	EndGlobalSection
	GlobalSection(ExtensibilityGlobals) = postSolution
		SolutionGuid = {3A26042B-6C2C-43D0-B4C3-E538791A25F6}
	EndGlobalSection
EndGlobal
